<?xml version="1.0" encoding="utf-8"?>
<Project ToolsVersion="4.0" xmlns="http://schemas.microsoft.com/developer/msbuild/2003">
  <ItemGroup>
    <Filter Include="ソース ファイル">
      <UniqueIdentifier>{4FC737F1-C7A5-4376-A066-2A32D752A2FF}</UniqueIdentifier>
      <Extensions>cpp;c;cc;cxx;def;odl;idl;hpj;bat;asm;asmx</Extensions>
    </Filter>
    <Filter Include="ヘッダー ファイル">
      <UniqueIdentifier>{93995380-89BD-4b04-88EB-625FBE52EBFB}</UniqueIdentifier>
      <Extensions>h;hh;hpp;hxx;hm;inl;inc;ipp;xsd</Extensions>
    </Filter>
    <Filter Include="リソース ファイル">
      <UniqueIdentifier>{67DA6AB6-F800-4c08-8B7A-83BB121AAD01}</UniqueIdentifier>
      <Extensions>rc;ico;cur;bmp;dlg;rc2;rct;bin;rgs;gif;jpg;jpeg;jpe;resx;tiff;tif;png;wav;mfcribbon-ms</Extensions>
    </Filter>
    <Filter Include="ソース ファイル\Scene">
      <UniqueIdentifier>{e7b7a508-f149-4009-91db-b0e8e67ff400}</UniqueIdentifier>
    </Filter>
    <Filter Include="ヘッダー ファイル\Scene">
      <UniqueIdentifier>{b2684a35-6136-4b60-be35-9f076862b40c}</UniqueIdentifier>
    </Filter>
    <Filter Include="ソース ファイル\Main">
      <UniqueIdentifier>{45000157-5504-4187-9bc4-3a41ffb8fb14}</UniqueIdentifier>
    </Filter>
    <Filter Include="ヘッダー ファイル\Main">
      <UniqueIdentifier>{fcae8726-bbb2-43bf-9e1d-98a362a5f226}</UniqueIdentifier>
    </Filter>
    <Filter Include="ソース ファイル\Object">
      <UniqueIdentifier>{2bd7faf1-c318-47b5-884a-8766f40da23b}</UniqueIdentifier>
    </Filter>
    <Filter Include="ヘッダー ファイル\Object">
      <UniqueIdentifier>{075f061b-f8c7-4127-b10b-cb03352cd401}</UniqueIdentifier>
    </Filter>
    <Filter Include="ヘッダー ファイル\Variable">
      <UniqueIdentifier>{671c7aeb-8f3c-44a2-b215-9e599c776f97}</UniqueIdentifier>
    </Filter>
    <Filter Include="ソース ファイル\Variable">
      <UniqueIdentifier>{84ce38f2-b183-4298-a899-9c8d64645206}</UniqueIdentifier>
    </Filter>
    <Filter Include="ソース ファイル\Object\Player">
      <UniqueIdentifier>{fd815ec7-5a0b-46cc-ada0-449e4756604b}</UniqueIdentifier>
    </Filter>
    <Filter Include="ヘッダー ファイル\Object\Player">
      <UniqueIdentifier>{b881916b-6811-4493-a232-4f97221c3d66}</UniqueIdentifier>
    </Filter>
    <Filter Include="ソース ファイル\Object\Stage">
      <UniqueIdentifier>{7bef950d-f8b0-4b2d-a0d1-6a85135ff437}</UniqueIdentifier>
    </Filter>
    <Filter Include="ヘッダー ファイル\Object\Stage">
      <UniqueIdentifier>{7630d7e4-3988-434a-9a77-4b593c181e59}</UniqueIdentifier>
    </Filter>
    <Filter Include="ヘッダー ファイル\Object\Physics">
      <UniqueIdentifier>{bc63e985-d997-4cd4-bf6a-9d705064f2f6}</UniqueIdentifier>
    </Filter>
    <Filter Include="ソース ファイル\Object\Physics">
      <UniqueIdentifier>{050ff46b-9ef1-4525-a7c4-c042655bd979}</UniqueIdentifier>
    </Filter>
    <Filter Include="ソース ファイル\Object\HitCheck">
      <UniqueIdentifier>{5d79e2ee-879b-4aef-96ca-18a2c7866c41}</UniqueIdentifier>
    </Filter>
    <Filter Include="ヘッダー ファイル\Object\HitCheck">
      <UniqueIdentifier>{a9867dd6-777c-4de1-9d87-12f06c32c04b}</UniqueIdentifier>
    </Filter>
    <Filter Include="ヘッダー ファイル\Object\HitCheck\Constant">
      <UniqueIdentifier>{83de8d3c-2645-42fb-8f21-824749bf8cd0}</UniqueIdentifier>
    </Filter>
    <Filter Include="ヘッダー ファイル\Scene\Constant">
      <UniqueIdentifier>{c30caccf-8c3c-423e-a949-7df6dfd325b4}</UniqueIdentifier>
    </Filter>
    <Filter Include="ソース ファイル\Object\ObjectList">
      <UniqueIdentifier>{90b79b03-67e5-40ae-b2e3-f571678db179}</UniqueIdentifier>
    </Filter>
    <Filter Include="ヘッダー ファイル\Object\ObjectList">
      <UniqueIdentifier>{61750521-717e-452f-aa5f-636c0410c48e}</UniqueIdentifier>
    </Filter>
    <Filter Include="ソース ファイル\とりあえずなやつ">
      <UniqueIdentifier>{65bdab5a-cd4d-42a9-a5aa-03dd9bf9328c}</UniqueIdentifier>
    </Filter>
    <Filter Include="ソース ファイル\Manager">
      <UniqueIdentifier>{e3f7959e-ae8d-4ed9-ade9-c4fdfd002252}</UniqueIdentifier>
    </Filter>
    <Filter Include="ヘッダー ファイル\Manager">
      <UniqueIdentifier>{273ac2e5-2fc5-43fd-91f0-b222e86cf3d6}</UniqueIdentifier>
    </Filter>
    <Filter Include="ソース ファイル\Manager\Constant">
      <UniqueIdentifier>{d64d6027-5b8b-40bb-be7c-69625a498d7a}</UniqueIdentifier>
    </Filter>
    <Filter Include="ヘッダー ファイル\Manager\Constant">
      <UniqueIdentifier>{1489df8b-9081-4d20-99be-5233a228cd6b}</UniqueIdentifier>
    </Filter>
    <Filter Include="ヘッダー ファイル\Object\ObjectBase">
      <UniqueIdentifier>{6a199976-a201-4d4f-87c5-dca1298eb562}</UniqueIdentifier>
    </Filter>
    <Filter Include="ヘッダー ファイル\Object\ObjectBase\Constant">
      <UniqueIdentifier>{45d5963b-b996-4bb6-99bd-b08f94ab1133}</UniqueIdentifier>
    </Filter>
    <Filter Include="ソース ファイル\Object\ObjectBase">
      <UniqueIdentifier>{0b3c1418-99a3-4a98-9e47-50def84ad6b8}</UniqueIdentifier>
    </Filter>
    <Filter Include="ソース ファイル\Object\ObjectBase\Constant">
      <UniqueIdentifier>{47b24094-b85c-46c3-a45b-2b6935d1298b}</UniqueIdentifier>
    </Filter>
  </ItemGroup>
  <ItemGroup>
    <ClCompile Include="Main.cpp">
      <Filter>ソース ファイル\Main</Filter>
    </ClCompile>
    <ClCompile Include="GameTask.cpp">
      <Filter>ソース ファイル\Main</Filter>
    </ClCompile>
    <ClCompile Include="Controller.cpp">
      <Filter>ソース ファイル\Main</Filter>
    </ClCompile>
    <ClCompile Include="Camera.cpp">
      <Filter>ソース ファイル\Main</Filter>
    </ClCompile>
    <ClCompile Include="FrameRate.cpp">
      <Filter>ソース ファイル\Main</Filter>
    </ClCompile>
    <ClCompile Include="Vector3.cpp">
      <Filter>ソース ファイル\Variable</Filter>
    </ClCompile>
    <ClCompile Include="Player.cpp">
      <Filter>ソース ファイル\Object\Player</Filter>
    </ClCompile>
    <ClCompile Include="Quaternion.cpp">
      <Filter>ソース ファイル\Variable</Filter>
    </ClCompile>
    <ClCompile Include="BaseScene.cpp">
      <Filter>ソース ファイル\Scene</Filter>
    </ClCompile>
    <ClCompile Include="CharSelScene.cpp">
      <Filter>ソース ファイル\Scene</Filter>
    </ClCompile>
    <ClCompile Include="ISceneSwitcher.cpp">
      <Filter>ソース ファイル\Scene</Filter>
    </ClCompile>
    <ClCompile Include="ModeSelScene.cpp">
      <Filter>ソース ファイル\Scene</Filter>
    </ClCompile>
    <ClCompile Include="SceneManager.cpp">
      <Filter>ソース ファイル\Scene</Filter>
    </ClCompile>
    <ClCompile Include="StageSelScene.cpp">
      <Filter>ソース ファイル\Scene</Filter>
    </ClCompile>
    <ClCompile Include="TitleScene.cpp">
      <Filter>ソース ファイル\Scene</Filter>
    </ClCompile>
    <ClCompile Include="Stage.cpp">
      <Filter>ソース ファイル\Object\Stage</Filter>
    </ClCompile>
    <ClCompile Include="LoadStage.cpp">
      <Filter>ソース ファイル\Object\Stage</Filter>
    </ClCompile>
    <ClCompile Include="LoadModel.cpp">
      <Filter>ソース ファイル\Object\Player</Filter>
    </ClCompile>
    <ClCompile Include="Physics.cpp">
      <Filter>ソース ファイル\Object\Physics</Filter>
    </ClCompile>
    <ClCompile Include="GameScene.cpp">
      <Filter>ソース ファイル\Scene</Filter>
    </ClCompile>
    <ClCompile Include="SceneDateManager.cpp">
      <Filter>ソース ファイル\Scene</Filter>
    </ClCompile>
    <ClCompile Include="FlexibleCollision.cpp">
      <Filter>ソース ファイル\Object\HitCheck</Filter>
    </ClCompile>
    <ClCompile Include="CollisionBase.cpp">
      <Filter>ソース ファイル\Object\HitCheck</Filter>
    </ClCompile>
    <ClCompile Include="PlayerAndTerrain.cpp">
      <Filter>ソース ファイル\Object\HitCheck</Filter>
    </ClCompile>
    <ClCompile Include="ObjectTypeConstant.cpp">
      <Filter>ソース ファイル\Object\ObjectBase\Constant</Filter>
    </ClCompile>
    <ClCompile Include="toriaezu.cpp">
      <Filter>ソース ファイル\とりあえずなやつ</Filter>
    </ClCompile>
    <ClCompile Include="GeneralManager.cpp">
      <Filter>ソース ファイル\Manager</Filter>
    </ClCompile>
    <ClCompile Include="GMList.cpp">
      <Filter>ソース ファイル\Manager</Filter>
    </ClCompile>
    <ClCompile Include="PlayerManager.cpp">
      <Filter>ソース ファイル\Manager</Filter>
    </ClCompile>
    <ClCompile Include="StageManager.cpp">
      <Filter>ソース ファイル\Manager</Filter>
    </ClCompile>
    <ClCompile Include="ManagerBase.cpp">
      <Filter>ソース ファイル\Manager</Filter>
    </ClCompile>
    <ClCompile Include="ManagerTypeConstant.cpp">
      <Filter>ソース ファイル\Manager\Constant</Filter>
    </ClCompile>
    <ClCompile Include="ActionStateConstant.cpp">
      <Filter>ソース ファイル\Object\ObjectBase\Constant</Filter>
    </ClCompile>
    <ClCompile Include="ObjectList.cpp">
      <Filter>ソース ファイル\Object\ObjectList</Filter>
    </ClCompile>
    <ClCompile Include="ObjectBase.cpp">
      <Filter>ソース ファイル\Object\ObjectBase</Filter>
    </ClCompile>
    <ClCompile Include="EachActionPlayer.cpp">
      <Filter>ソース ファイル\Object\Player</Filter>
    </ClCompile>
  </ItemGroup>
  <ItemGroup>
    <ClInclude Include="GameTask.h">
      <Filter>ヘッダー ファイル\Main</Filter>
    </ClInclude>
    <ClInclude Include="Controller.h">
      <Filter>ヘッダー ファイル\Main</Filter>
    </ClInclude>
    <ClInclude Include="Camera.h">
      <Filter>ヘッダー ファイル\Main</Filter>
    </ClInclude>
    <ClInclude Include="MainConstant.h">
      <Filter>ヘッダー ファイル\Scene\Constant</Filter>
    </ClInclude>
    <ClInclude Include="Sprite.h">
      <Filter>ヘッダー ファイル\Variable</Filter>
    </ClInclude>
    <ClInclude Include="Vector3.h">
      <Filter>ヘッダー ファイル\Variable</Filter>
    </ClInclude>
    <ClInclude Include="FrameRate.h">
      <Filter>ヘッダー ファイル\Main</Filter>
    </ClInclude>
    <ClInclude Include="Player.h">
      <Filter>ヘッダー ファイル\Object\Player</Filter>
    </ClInclude>
    <ClInclude Include="Quaternion.h">
      <Filter>ヘッダー ファイル\Variable</Filter>
    </ClInclude>
    <ClInclude Include="BaseScene.h">
      <Filter>ヘッダー ファイル\Scene</Filter>
    </ClInclude>
    <ClInclude Include="CharSelScene.h">
      <Filter>ヘッダー ファイル\Scene</Filter>
    </ClInclude>
    <ClInclude Include="ISceneSwitcher.h">
      <Filter>ヘッダー ファイル\Scene</Filter>
    </ClInclude>
    <ClInclude Include="ModeSelScene.h">
      <Filter>ヘッダー ファイル\Scene</Filter>
    </ClInclude>
    <ClInclude Include="SceneManager.h">
      <Filter>ヘッダー ファイル\Scene</Filter>
    </ClInclude>
    <ClInclude Include="SceneProcess.h">
      <Filter>ヘッダー ファイル\Scene</Filter>
    </ClInclude>
    <ClInclude Include="StageSelScene.h">
      <Filter>ヘッダー ファイル\Scene</Filter>
    </ClInclude>
    <ClInclude Include="TitleConstant.h">
      <Filter>ヘッダー ファイル\Scene\Constant</Filter>
    </ClInclude>
    <ClInclude Include="TitleScene.h">
      <Filter>ヘッダー ファイル\Scene</Filter>
    </ClInclude>
    <ClInclude Include="Stage.h">
      <Filter>ヘッダー ファイル\Object\Stage</Filter>
    </ClInclude>
    <ClInclude Include="LoadStage.h">
      <Filter>ヘッダー ファイル\Object\Stage</Filter>
    </ClInclude>
    <ClInclude Include="LoadModel.h">
      <Filter>ヘッダー ファイル\Object\Player</Filter>
    </ClInclude>
    <ClInclude Include="Physics.h">
      <Filter>ヘッダー ファイル\Object\Physics</Filter>
    </ClInclude>
    <ClInclude Include="StageType.h">
      <Filter>ヘッダー ファイル\Object\Stage</Filter>
    </ClInclude>
    <ClInclude Include="GameScene.h">
      <Filter>ヘッダー ファイル\Scene</Filter>
    </ClInclude>
    <ClInclude Include="SceneDateManager.h">
      <Filter>ヘッダー ファイル\Scene</Filter>
    </ClInclude>
    <ClInclude Include="HitCheckConstant.h">
      <Filter>ヘッダー ファイル\Object\HitCheck\Constant</Filter>
    </ClInclude>
    <ClInclude Include="FlexibleCollision.h">
      <Filter>ヘッダー ファイル\Object\HitCheck</Filter>
    </ClInclude>
    <ClInclude Include="CollisionBase.h">
      <Filter>ヘッダー ファイル\Object\HitCheck</Filter>
    </ClInclude>
    <ClInclude Include="PlayerAndTerrain.h">
      <Filter>ヘッダー ファイル\Object\HitCheck</Filter>
    </ClInclude>
    <ClInclude Include="ObjectTypeConstant.h">
      <Filter>ヘッダー ファイル\Object\ObjectBase\Constant</Filter>
    </ClInclude>
    <ClInclude Include="toriaezu.h">
      <Filter>ソース ファイル\とりあえずなやつ</Filter>
    </ClInclude>
    <ClInclude Include="GeneralManager.h">
      <Filter>ヘッダー ファイル\Manager</Filter>
    </ClInclude>
    <ClInclude Include="GMList.h">
      <Filter>ヘッダー ファイル\Manager</Filter>
    </ClInclude>
    <ClInclude Include="PlayerManager.h">
      <Filter>ヘッダー ファイル\Manager</Filter>
    </ClInclude>
    <ClInclude Include="StageManager.h">
      <Filter>ヘッダー ファイル\Manager</Filter>
    </ClInclude>
    <ClInclude Include="ManagerBase.h">
      <Filter>ヘッダー ファイル\Manager</Filter>
    </ClInclude>
    <ClInclude Include="ManagerTypeConstant.h">
      <Filter>ヘッダー ファイル\Manager\Constant</Filter>
    </ClInclude>
    <ClInclude Include="ActionStateConstant.h">
      <Filter>ヘッダー ファイル\Object\ObjectBase\Constant</Filter>
    </ClInclude>
    <ClInclude Include="ObjectList.h">
      <Filter>ヘッダー ファイル\Object\ObjectList</Filter>
    </ClInclude>
    <ClInclude Include="ObjectBase.h">
      <Filter>ヘッダー ファイル\Object\ObjectBase</Filter>
    </ClInclude>
    <ClInclude Include="EachActionPlayer.h">
      <Filter>ヘッダー ファイル\Object\Player</Filter>
    </ClInclude>
  </ItemGroup>
</Project>